# This file is generated by running "yarn install" inside your project.
# Manual changes might be lost - proceed with caution!

__metadata:
  version: 4
  cacheKey: 7

"@fullhuman/postcss-purgecss@npm:^3.0.0":
  version: 3.0.0
  resolution: "@fullhuman/postcss-purgecss@npm:3.0.0"
  dependencies:
    postcss: 7.0.32
    purgecss: ^3.0.0
  checksum: cb416c956afc3f58b35eb78a9e3e87073f2d77ac190024db033738757f46df7e278dc55080f001548c9847ee8e43556fb7d4afc836776b14f1ac5efea24ee17a
  languageName: node
  linkType: hard

"acorn-node@npm:^1.6.1":
  version: 1.8.2
  resolution: "acorn-node@npm:1.8.2"
  dependencies:
    acorn: ^7.0.0
    acorn-walk: ^7.0.0
    xtend: ^4.0.2
  checksum: a328a6ed638cd021196661cc0d9d39ffd1d9942ea734d754f4bafcc7d756425bbaa1cad828f7e6d545ffd10a776837354445629631405ca66f1a836a6f9456db
  languageName: node
  linkType: hard

"acorn-walk@npm:^7.0.0":
  version: 7.2.0
  resolution: "acorn-walk@npm:7.2.0"
  checksum: 7b52d5d6397f2d395ca878bdb0f56e583e69bc875521876d05fe2b6e293c21aca918b288c01bd18ac99b46b55a0f00a8d0e30fbdfb53c8e36e78ad1a65f73a4a
  languageName: node
  linkType: hard

"acorn@npm:^7.0.0":
  version: 7.4.1
  resolution: "acorn@npm:7.4.1"
  bin:
    acorn: bin/acorn
  checksum: 2bde98c28c1be9a08e41e581179b776b43396c9486ce52b2b9848d73c53df38c516b7edba4bacdc84cabc9d7a3299f3b46ef240ae261c38dbf8ddd89f635bd32
  languageName: node
  linkType: hard

"ansi-styles@npm:^3.2.1":
  version: 3.2.1
  resolution: "ansi-styles@npm:3.2.1"
  dependencies:
    color-convert: ^1.9.0
  checksum: 456e1c23d9277512a47718da75e7fbb0a5ee215ef893c2f76d6b3efe8fceabc861121b80b0362146f5f995d21a1633f05a19bbf6283ae66ac11dc3b9c0bed779
  languageName: node
  linkType: hard

"ansi-styles@npm:^4.1.0":
  version: 4.3.0
  resolution: "ansi-styles@npm:4.3.0"
  dependencies:
    color-convert: ^2.0.1
  checksum: ea02c0179f3dd089a161f5fdd7ccd89dd84f31d82b68869f1134bf5c5b9e1313dadd2ff9edb02b44f46243f285ef5b785f6cb61c84a293694221417c42934407
  languageName: node
  linkType: hard

"at-least-node@npm:^1.0.0":
  version: 1.0.0
  resolution: "at-least-node@npm:1.0.0"
  checksum: 8f33efc16287ed39766065c718a2d36a469f702c66c6eb41fa460c0c62bca395301a6a02946e315ae4a84c9cc7f44c94ec73a556bc2a1049350da98d0b013afe
  languageName: node
  linkType: hard

"balanced-match@npm:^1.0.0":
  version: 1.0.0
  resolution: "balanced-match@npm:1.0.0"
  checksum: f515a605fe1b59f476f7477c5e1d53ad55b4f42982fca1d57b6701906f4ad1f1ac90fd6587d92cc1af2edb43eecf979214dd847ee410a6de9db4ebf0dd128d62
  languageName: node
  linkType: hard

"brace-expansion@npm:^1.1.7":
  version: 1.1.11
  resolution: "brace-expansion@npm:1.1.11"
  dependencies:
    balanced-match: ^1.0.0
    concat-map: 0.0.1
  checksum: 4c878e25e4858baf801945dfd63eb68feab2e502cf1122f25f3915c0e3bf397af3a93ff6bef0798db41c0d81ef28c08e55daac38058710f749a3b96eee6b8f40
  languageName: node
  linkType: hard

"bytes@npm:^3.0.0":
  version: 3.1.0
  resolution: "bytes@npm:3.1.0"
  checksum: c3f64645ef37922c8194fef88a052de2a28101882dfdf8a225493888c4941a26ea15164957e7492e5c5e3a8e98ee6276f4834efacb68e2d8ad4d91f903250b6c
  languageName: node
  linkType: hard

"camelcase-css@npm:^2.0.1":
  version: 2.0.1
  resolution: "camelcase-css@npm:2.0.1"
  checksum: 3d557da914fe529026caa9053031eb85e9c548a12cb00acc5b79cde73c1de81eb417a4a10fe2d690a0043d019fd3cb19dbbe31c5d79d40699ba0836da5cf7187
  languageName: node
  linkType: hard

"chalk@npm:^2.4.1, chalk@npm:^2.4.2":
  version: 2.4.2
  resolution: "chalk@npm:2.4.2"
  dependencies:
    ansi-styles: ^3.2.1
    escape-string-regexp: ^1.0.5
    supports-color: ^5.3.0
  checksum: 22c7b7b5bc761c882bb6516454a1a671923f1c53ff972860065aa0b28a195f230163c1d46ee88bcc7a03e5539177d896457d8bc727de7f244c6e87032743038e
  languageName: node
  linkType: hard

"chalk@npm:^4.1.0":
  version: 4.1.0
  resolution: "chalk@npm:4.1.0"
  dependencies:
    ansi-styles: ^4.1.0
    supports-color: ^7.1.0
  checksum: f860285b419f9e925c2db0f45ffa88aa8794c14b80cc5d01ff30930bcfc384996606362706f0829cf557f6d36152a5fb2d227ad63c4bc90e2ec9e9dbed4a3c07
  languageName: node
  linkType: hard

"color-convert@npm:^1.9.0, color-convert@npm:^1.9.1":
  version: 1.9.3
  resolution: "color-convert@npm:1.9.3"
  dependencies:
    color-name: 1.1.3
  checksum: 5f244daa3d1fe1f216d48878c550465067d15268688308554e613b7640a068f96588096d51f0b98b68f15d6ff6bb8ad24e172582ac8c0ad43fa4d3da60fd1b79
  languageName: node
  linkType: hard

"color-convert@npm:^2.0.1":
  version: 2.0.1
  resolution: "color-convert@npm:2.0.1"
  dependencies:
    color-name: ~1.1.4
  checksum: 3d5d8a011a43012ca11b6d739049ecf2055d95582fd16ec44bf1e685eb0baa5cc652002be8a1dc92b429c8d87418287d0528266a7595cb1ad8a7f4f1d3049df2
  languageName: node
  linkType: hard

"color-name@npm:1.1.3":
  version: 1.1.3
  resolution: "color-name@npm:1.1.3"
  checksum: d8b91bb90aefc05b6ff568cf8889566dcc6269824df6f3c9b8ca842b18d7f4d089c07dc166808d33f22092d4a79167aa56a96a5ff0d21efab548bf44614db43b
  languageName: node
  linkType: hard

"color-name@npm:^1.0.0, color-name@npm:~1.1.4":
  version: 1.1.4
  resolution: "color-name@npm:1.1.4"
  checksum: 3e1c9a4dee12eada307436f61614dd11fe300469db2b83f80c8b7a7cd8a1015f0f18dd13403f018927b249003777ff60baba4a03c65f12e6bddc0dfd9642021f
  languageName: node
  linkType: hard

"color-string@npm:^1.5.4":
  version: 1.5.4
  resolution: "color-string@npm:1.5.4"
  dependencies:
    color-name: ^1.0.0
    simple-swizzle: ^0.2.2
  checksum: 181ab2a0a13dc87b13db1bceab8585c159f1cbf169c4210df61d24349f90e5f6087a18c8c12842dbdd5d4cff9a1008ef86c153201429bc456fb7bf9c9495d366
  languageName: node
  linkType: hard

"color@npm:^3.1.3":
  version: 3.1.3
  resolution: "color@npm:3.1.3"
  dependencies:
    color-convert: ^1.9.1
    color-string: ^1.5.4
  checksum: d0f4139e986806aaacaa748d170c9778faed93695fb776cd27d9c5825424263eb9354f69033804d0d2d350d9831a31d14dddff045da00713499f279da97e602f
  languageName: node
  linkType: hard

"colorette@npm:^1.2.1":
  version: 1.2.1
  resolution: "colorette@npm:1.2.1"
  checksum: 1cc21ad4b84777a424794f78b6bb6a44b614ae17dcea91762199339f8047598e6d981249eeef7ea588c99eaf062be8fcdcd4866c112998922ed854db6dde96f9
  languageName: node
  linkType: hard

"commander@npm:^6.0.0":
  version: 6.2.0
  resolution: "commander@npm:6.2.0"
  checksum: c78501cd98e6ad66839004adc27940f5fc1a0102b306fbbc177965101d586cf6dd2e01bdffd64f99f2d4862101f24e602e3e4baa641b6f6a11c01ec5c900e412
  languageName: node
  linkType: hard

"concat-map@npm:0.0.1":
  version: 0.0.1
  resolution: "concat-map@npm:0.0.1"
  checksum: 554e28d9ee5aa6e061795473ee092cb3d3a2cbdb76c35416e0bb6e03f136d7d07676da387b2ed0ec4106cedbb6534080d9abc48ecc4a92b76406cf2d0c3c0c4b
  languageName: node
  linkType: hard

"css-unit-converter@npm:^1.1.1":
  version: 1.1.2
  resolution: "css-unit-converter@npm:1.1.2"
  checksum: 1ace5626f16999da524d0a04e6da3131aabe399340ea628b4ba78770b1a62f37f91032f26d1556f64631e97604c1cb45b707294c7f8f956f90ee39ff640ad639
  languageName: node
  linkType: hard

"cssesc@npm:^3.0.0":
  version: 3.0.0
  resolution: "cssesc@npm:3.0.0"
  bin:
    cssesc: bin/cssesc
  checksum: 673783eda1f89af3faefc0e4b833f40621f484ce102a23396e7a65cc4c42798bd91ee3656c8b04a0a5ca38d40ada5bc8663e4541c380a7a81af2de5b2322e443
  languageName: node
  linkType: hard

"defined@npm:^1.0.0":
  version: 1.0.0
  resolution: "defined@npm:1.0.0"
  checksum: 3f17b8807d66d9eb836eacb943a4df7097201b54e386c44be781e0198890e58b0fb88ced2997de95e9aad3b6ebd8df90547575f6b3fb986bdb8abe3417815bbc
  languageName: node
  linkType: hard

"detective@npm:^5.2.0":
  version: 5.2.0
  resolution: "detective@npm:5.2.0"
  dependencies:
    acorn-node: ^1.6.1
    defined: ^1.0.0
    minimist: ^1.1.1
  bin:
    detective: bin/detective.js
  checksum: 3dd4582ab18a66f093fd8a74509336012ae483546df92b69e91722abc72842174717a352668852150e103ca197653658f8595e8f5ab8a3eeb2a918ae8bd4ae92
  languageName: node
  linkType: hard

"didyoumean@npm:^1.2.1":
  version: 1.2.1
  resolution: "didyoumean@npm:1.2.1"
  checksum: a886a07b4b9212693644309b302122b128ff5abf2c05b99c8ed4721c0650463a2b6bd49e59d8f10eba1f7cc586b35e726348e9dbf7751e12fc4ad37ad023de79
  languageName: node
  linkType: hard

"escape-string-regexp@npm:^1.0.5":
  version: 1.0.5
  resolution: "escape-string-regexp@npm:1.0.5"
  checksum: f9484b8b4c8827d816e0fd905c25ed4b561376a9c220e1430403ea84619bf680c76a883a48cff8b8e091daf55d6a497e37479f9787b9f15f3c421b6054289744
  languageName: node
  linkType: hard

"fs-extra@npm:^9.0.1":
  version: 9.0.1
  resolution: "fs-extra@npm:9.0.1"
  dependencies:
    at-least-node: ^1.0.0
    graceful-fs: ^4.2.0
    jsonfile: ^6.0.1
    universalify: ^1.0.0
  checksum: b7374cb05819bd95fa15bf74a30fbec3d2b64a0c00d2df67d6e1d6a901a9a7582a1243fe652d27a6cd042b38a2c1cd9ae3b3d100bc98dd041cc2f3e29964884f
  languageName: node
  linkType: hard

"fs.realpath@npm:^1.0.0":
  version: 1.0.0
  resolution: "fs.realpath@npm:1.0.0"
  checksum: 698a91b1695e3926185c9e5b0dd57cf687dceb4eb73799af91e6b2ab741735e2962c366c5af6403ffddae2619914193bd339efa706fdc984d0ffc74b7a3603f4
  languageName: node
  linkType: hard

"function-bind@npm:^1.1.1":
  version: 1.1.1
  resolution: "function-bind@npm:1.1.1"
  checksum: ffad86e7d2010ba179aaa6a3987d2cc0ed48fa92d27f1ed84bfa06d14f77deeed5bfbae7f00bdebc0c54218392cab2b18ecc080e2c72f592431927b87a27d42b
  languageName: node
  linkType: hard

"glob@npm:^7.0.0, glob@npm:^7.1.2":
  version: 7.1.6
  resolution: "glob@npm:7.1.6"
  dependencies:
    fs.realpath: ^1.0.0
    inflight: ^1.0.4
    inherits: 2
    minimatch: ^3.0.4
    once: ^1.3.0
    path-is-absolute: ^1.0.0
  checksum: 789977b52432865bd63846da5c75a6efc2c56abdc0cb5ffcdb8e91eeb67a58fa5594c1195d18b2b4aff99675b0739ed6bd61024b26562e0cca18c8f993efdc82
  languageName: node
  linkType: hard

"graceful-fs@npm:^4.1.6, graceful-fs@npm:^4.2.0":
  version: 4.2.4
  resolution: "graceful-fs@npm:4.2.4"
  checksum: d095ee4dc6eacc76814cd52d5d185b860119378a6fd4888e7d4e94983095c54d4f6369942a5e3d759cdbdd4e3ee7eaeb27a39ff938c6ee4610894fd9de46b6cb
  languageName: node
  linkType: hard

"has-flag@npm:^3.0.0":
  version: 3.0.0
  resolution: "has-flag@npm:3.0.0"
  checksum: 63aade480d27aeedb3b5b63a2e069d47d0006bf182338d662e7941cdc024e68a28418e0efa8dc5df30db9c4ee2407f39e6ea3f16cfbc6b83848b450826a28aa0
  languageName: node
  linkType: hard

"has-flag@npm:^4.0.0":
  version: 4.0.0
  resolution: "has-flag@npm:4.0.0"
  checksum: 2e5391139d3d287231ccb58659702392f6e3abeac3296fb4721afaff46493f3d9b99a9329ae015dfe973aa206ed5c75f43e86aec0267dce79aa5c2b6e811b3ad
  languageName: node
  linkType: hard

"has@npm:^1.0.3":
  version: 1.0.3
  resolution: "has@npm:1.0.3"
  dependencies:
    function-bind: ^1.1.1
  checksum: c686e15300d41364486c099a9259d9c418022c294244843dcd712c4c286ff839d4f23a25413baa28c4d2c1e828afc2aaab70f685400b391533980223c71fa1ca
  languageName: node
  linkType: hard

"html-tags@npm:^3.1.0":
  version: 3.1.0
  resolution: "html-tags@npm:3.1.0"
  checksum: 0f87b0f46d6064e5cd705f2accd869b0d28fe251b1260663ad527641497f4a1ed5a0a0a56ac9619c20b57c67862726ec9e62d4de0630bf836e1342e777b299c1
  languageName: node
  linkType: hard

"indexes-of@npm:^1.0.1":
  version: 1.0.1
  resolution: "indexes-of@npm:1.0.1"
  checksum: e1c232a32631c709bb8a2188d0a53c02aae18904fff0165322a353dfd2985e0b3ea184b2b15b74acc363a0344dc6e8dc927b874935a738e8ce0e5253e4a9da98
  languageName: node
  linkType: hard

"inflight@npm:^1.0.4":
  version: 1.0.6
  resolution: "inflight@npm:1.0.6"
  dependencies:
    once: ^1.3.0
    wrappy: 1
  checksum: 17c53fc42cbe7f7f471d2bc41b97a0cde4b79a74d5ff59997d3f75210566fa278e17596da526d43de2bd07e222706240ce50e60097e54f2cde2e64cbbb372638
  languageName: node
  linkType: hard

"inherits@npm:2":
  version: 2.0.4
  resolution: "inherits@npm:2.0.4"
  checksum: 98426da247ddfc3dcd7d7daedd90c3ca32d5b08deca08949726f12d49232aef94772a07b36cf4ff833e105ae2ef931777f6de4a6dd8245a216b9299ad4a50bea
  languageName: node
  linkType: hard

"is-arrayish@npm:^0.3.1":
  version: 0.3.2
  resolution: "is-arrayish@npm:0.3.2"
  checksum: 0687b6b8f2443a45116ce25d8b11979591af625bd8a7515f5d8de2fcb80979655bc9d1cbbd2146c34f2728a234d1ea81d397e06f1ae3feb02c8f6df16766a4a0
  languageName: node
  linkType: hard

"is-core-module@npm:^2.1.0":
  version: 2.2.0
  resolution: "is-core-module@npm:2.2.0"
  dependencies:
    has: ^1.0.3
  checksum: 2344744de98a3bc22e2bb30895f307d7889f09e963f9bcb1cc321788f508c8b463f75e0a9ca009eeeb8eb9465181b5c15f1ec9299a6bb6921cfbb2423892e0ba
  languageName: node
  linkType: hard

"jsonfile@npm:^6.0.1":
  version: 6.1.0
  resolution: "jsonfile@npm:6.1.0"
  dependencies:
    graceful-fs: ^4.1.6
    universalify: ^2.0.0
  dependenciesMeta:
    graceful-fs:
      optional: true
  checksum: 9419c886abc6f8a5088cbb222b7bc17c76e8ee9f6c0e5c38781a4e09488166084f25247bc0b58e025b08c43064c82ae860ad89a992e35fc8cfae639323b7edbc
  languageName: node
  linkType: hard

"lodash.toarray@npm:^4.4.0":
  version: 4.4.0
  resolution: "lodash.toarray@npm:4.4.0"
  checksum: f2b8de1812789321335dd5f4cb60625c4b8874cb3b300367d8a22990072459b76eb893feacd243686493393cccd035115cc149563f7aa5123d06d9a3b2825bf1
  languageName: node
  linkType: hard

"lodash@npm:^4.17.20":
  version: 4.17.20
  resolution: "lodash@npm:4.17.20"
  checksum: c62101d2500c383b5f174a7e9e6fe8098149ddd6e9ccfa85f36d4789446195f5c4afd3cfba433026bcaf3da271256566b04a2bf2618e5a39f6e67f8c12030cb6
  languageName: node
  linkType: hard

"metaboutique@workspace:.":
  version: 0.0.0-use.local
  resolution: "metaboutique@workspace:."
  dependencies:
    tailwindcss: ^2.0.1
  languageName: unknown
  linkType: soft

"minimatch@npm:^3.0.4":
  version: 3.0.4
  resolution: "minimatch@npm:3.0.4"
  dependencies:
    brace-expansion: ^1.1.7
  checksum: 47eab9263962cacd5733e274ecad2d8e54b0f8e124ba35ae69189e296058f634a4967b87a98954f86fa5c830ff177caf827ce0136d28717ed3232951fb4fae62
  languageName: node
  linkType: hard

"minimist@npm:^1.1.1":
  version: 1.2.5
  resolution: "minimist@npm:1.2.5"
  checksum: b77b8590147a4e217ff34266236bc39de23b52e6e33054076991ff674c7397a1380a7bde11111916f16f003a94aaa7e4f3d92595a32189644ff607fabc65a5b6
  languageName: node
  linkType: hard

"modern-normalize@npm:^1.0.0":
  version: 1.0.0
  resolution: "modern-normalize@npm:1.0.0"
  checksum: 013c442ba2a58ce79cf790ffa8ac461ac67b1f3904ba7bf4ff0a83a5e443500730c1dd1d1af66d2066f8f1500ba8e150aa32518c6a294e0ab0c93692a59b77ee
  languageName: node
  linkType: hard

"nanoid@npm:^3.1.18":
  version: 3.1.18
  resolution: "nanoid@npm:3.1.18"
  bin:
    nanoid: bin/nanoid.cjs
  checksum: ae87f7a2542cb9cb546410dee7327a1eece71bd4bb6ef62aab30275342947554add78713bed50c9e012e5d45392cc948087c5bfbbae14ee126defb0926c4afd8
  languageName: node
  linkType: hard

"node-emoji@npm:^1.8.1":
  version: 1.10.0
  resolution: "node-emoji@npm:1.10.0"
  dependencies:
    lodash.toarray: ^4.4.0
  checksum: 9c73cd0af03965131225c388339ec5cb3b7239f9d63f15c7755540d265b20a4ecac855fd270af216fb14cdf8232ec4687ab5a52b4b475a681ee1bd74f7562ced
  languageName: node
  linkType: hard

"object-assign@npm:^4.1.1":
  version: 4.1.1
  resolution: "object-assign@npm:4.1.1"
  checksum: 66cf021898fc1b13ea573ea8635fbd5a76533f50cecbc2fcd5eee1e8029af41bcebe7023788b6d0e06cbe4401ecea075d972f78ec74467cdc571a0f1a4d1a081
  languageName: node
  linkType: hard

"object-hash@npm:^2.0.3":
  version: 2.0.3
  resolution: "object-hash@npm:2.0.3"
  checksum: e633ae67cd6c5f3cd52af5bef0fe7f25d597b415a6d92a601be0b97a47642908cf333cedfc9e848d25b6c51fd6cf6e64ff6eb3af710eae249a42f6a69ad6b12d
  languageName: node
  linkType: hard

"once@npm:^1.3.0":
  version: 1.4.0
  resolution: "once@npm:1.4.0"
  dependencies:
    wrappy: 1
  checksum: 57afc246536cf6494437f982b26475f22bee860f8b77ce8eb1543f42a8bffe04b2c66ddfea9a16cb25ccb80943f8ee4fc639367ef97b7a6a4f2672eb573963f5
  languageName: node
  linkType: hard

"path-is-absolute@npm:^1.0.0":
  version: 1.0.1
  resolution: "path-is-absolute@npm:1.0.1"
  checksum: 907e1e3e6ac0aef6e65adffd75b3892191d76a5b94c5cf26b43667c4240531d11872ca6979c209b2e5e1609f7f579d02f64ba9936b48bb59d36cc529f0d965ed
  languageName: node
  linkType: hard

"path-parse@npm:^1.0.6":
  version: 1.0.6
  resolution: "path-parse@npm:1.0.6"
  checksum: 2eee4b93fb3ae13600e3fca18390d9933bbbcf725a624f6b8df020d87515a74872ff6c58072190d6dc75a5584a683dc6ae5c385ad4e4f4efb6e66af040d56c67
  languageName: node
  linkType: hard

"postcss-functions@npm:^3":
  version: 3.0.0
  resolution: "postcss-functions@npm:3.0.0"
  dependencies:
    glob: ^7.1.2
    object-assign: ^4.1.1
    postcss: ^6.0.9
    postcss-value-parser: ^3.3.0
  checksum: e73d086194755571d594b99f47b77953f912deb2fb6641f490c25c7cf10b169c5706df2ece4cd2adee0d23aa6a626db6f4e54ae46949c1132aaff82cba3df3d0
  languageName: node
  linkType: hard

"postcss-js@npm:^3.0.3":
  version: 3.0.3
  resolution: "postcss-js@npm:3.0.3"
  dependencies:
    camelcase-css: ^2.0.1
    postcss: ^8.1.6
  checksum: fec2921dedbbce36eeb2e2ce26e06f16faf6149fbc9ff5e07db540e20a2d668d62e6b9793c293cb4b762bc67e5c4ef69a2597d5d96c92730e1c053908adb3fd1
  languageName: node
  linkType: hard

"postcss-nested@npm:^5.0.1":
  version: 5.0.1
  resolution: "postcss-nested@npm:5.0.1"
  dependencies:
    postcss-selector-parser: ^6.0.4
  peerDependencies:
    postcss: ^8.1.0
  checksum: 56b109a14d2c4646d56813796c3a78e52ad033b6a8eed9f0efcdc46edf9071a95776187235dd53c8fa06ade1c50bf578ec92e636f9b9aef7102a8258917b8ef6
  languageName: node
  linkType: hard

"postcss-selector-parser@npm:^6.0.2, postcss-selector-parser@npm:^6.0.4":
  version: 6.0.4
  resolution: "postcss-selector-parser@npm:6.0.4"
  dependencies:
    cssesc: ^3.0.0
    indexes-of: ^1.0.1
    uniq: ^1.0.1
    util-deprecate: ^1.0.2
  checksum: f6b6e30f515e0909af2555df29feca42f2141d10fac7f8e719ac72f071729a9b9f631241bb1d8ff88cbec7e8fb2ada22c0c92ee0d629582340551ea090985a74
  languageName: node
  linkType: hard

"postcss-value-parser@npm:^3.3.0":
  version: 3.3.1
  resolution: "postcss-value-parser@npm:3.3.1"
  checksum: 834603f6bd822846cc20b1f95e648dea67353eb506898cc5fb540b32e9a956c1030754b9503270eb00c61c3734409d7ec94fba2b4f0a89954bc855bad7e9267c
  languageName: node
  linkType: hard

"postcss-value-parser@npm:^4.1.0":
  version: 4.1.0
  resolution: "postcss-value-parser@npm:4.1.0"
  checksum: 70831403886859289f650550a38889857022c5bbe264fd5d39cfad5207b3e1d33422edc031c1a922f3ae29d0dff98837a8bf126c840374d2b0079e7d57cf7d71
  languageName: node
  linkType: hard

"postcss@npm:7.0.32":
  version: 7.0.32
  resolution: "postcss@npm:7.0.32"
  dependencies:
    chalk: ^2.4.2
    source-map: ^0.6.1
    supports-color: ^6.1.0
  checksum: 340f4f6ca6bd37961927f68bf7e38d071a7cba0468240cbba64ccf78012b2acbec974491284cb200e438dd3e655314e6d9508562523cbf9a49d5b00fd7e769fa
  languageName: node
  linkType: hard

"postcss@npm:^6.0.9":
  version: 6.0.23
  resolution: "postcss@npm:6.0.23"
  dependencies:
    chalk: ^2.4.1
    source-map: ^0.6.1
    supports-color: ^5.4.0
  checksum: 9b61abdfb366491debc6a633ba3703ae43c674b6c1c64def54e131c8ec01862fc95b3271bde221db805389fc76c3b3f1447b5a9c1d0b332c53cfcc9bfe1b1fa6
  languageName: node
  linkType: hard

"postcss@npm:^8.1.6":
  version: 8.1.10
  resolution: "postcss@npm:8.1.10"
  dependencies:
    colorette: ^1.2.1
    nanoid: ^3.1.18
    source-map: ^0.6.1
    vfile-location: ^3.2.0
  checksum: e8b8258b26d1f3350e9e1df4b78057d984de1704823463ecb130025425aaa39f895e0d2892ffeb26376b2e6362e919ff01cd1d34ac67bab6f57d76e430fc9587
  languageName: node
  linkType: hard

"pretty-hrtime@npm:^1.0.3":
  version: 1.0.3
  resolution: "pretty-hrtime@npm:1.0.3"
  checksum: efb9d4987ec2ba55a6b59c8eab4933ba5cd3c9311b9360f7ec491f1aad643ec8b533c8209170433de93bbc71e66b46f2a7035b991a1826141b128b73949b5577
  languageName: node
  linkType: hard

"purgecss@npm:^3.0.0":
  version: 3.0.0
  resolution: "purgecss@npm:3.0.0"
  dependencies:
    commander: ^6.0.0
    glob: ^7.0.0
    postcss: 7.0.32
    postcss-selector-parser: ^6.0.2
  bin:
    purgecss: bin/purgecss.js
  checksum: a7e0bd1c7da5ab4319ec8ac099cb51ce2303508bd05fd7adc8041e6e497cf18daf61f6b1931dfa3272ec10a3b42166e5394a6d6b5860b9907875c92a3c5684eb
  languageName: node
  linkType: hard

"reduce-css-calc@npm:^2.1.6":
  version: 2.1.7
  resolution: "reduce-css-calc@npm:2.1.7"
  dependencies:
    css-unit-converter: ^1.1.1
    postcss-value-parser: ^3.3.0
  checksum: c1cbf51e640f1eef545b70d86a5df1b521939227e85aad20e8a79c8aad433ca9d4f3f8cb7623929013d98d985a244bfd35710294be3866c562cf80558a294c96
  languageName: node
  linkType: hard

resolve@^1.19.0:
  version: 1.19.0
  resolution: "resolve@npm:1.19.0"
  dependencies:
    is-core-module: ^2.1.0
    path-parse: ^1.0.6
  checksum: 8b23c7fde1224898ffb9fec2a2295a44d1564981343bdbf5fd3769465658f6a6f6647bb7ea66dfb3c1291ca86046b0233be2edfcd8ca05b38886521e8869677c
  languageName: node
  linkType: hard

"resolve@patch:resolve@^1.19.0#builtin<compat/resolve>":
  version: 1.19.0
  resolution: "resolve@patch:resolve@npm%3A1.19.0#builtin<compat/resolve>::version=1.19.0&hash=3388aa"
  dependencies:
    is-core-module: ^2.1.0
    path-parse: ^1.0.6
  checksum: 188d5167e8578a9af8d194faf382b8f3526aad5145391c24ecdc6246c6fc82c10fc66d6352267f8e93c5977c503d61803169c91b9e2ee36dd2de759915c9b673
  languageName: node
  linkType: hard

"simple-swizzle@npm:^0.2.2":
  version: 0.2.2
  resolution: "simple-swizzle@npm:0.2.2"
  dependencies:
    is-arrayish: ^0.3.1
  checksum: a5a2c1c86cea94f42ab843508e7c68b5bbfd15acb08056d600ac2e9c7f7c41bc417e71160ea3034a5411d3cce186c801f7a56badfb3a854906ce163120318875
  languageName: node
  linkType: hard

"source-map@npm:^0.6.1":
  version: 0.6.1
  resolution: "source-map@npm:0.6.1"
  checksum: 8647829a0611724114022be455ca1c8a2c8ae61df81c5b3667d9b398207226a1e21174fb7bbf0b4dbeb27ac358222afb5a14f1c74a62a62b8883b012e5eb1270
  languageName: node
  linkType: hard

"supports-color@npm:^5.3.0, supports-color@npm:^5.4.0":
  version: 5.5.0
  resolution: "supports-color@npm:5.5.0"
  dependencies:
    has-flag: ^3.0.0
  checksum: edacee6425498440744c418be94b0660181aad2a1828bcf2be85c42bd385da2fd8b2b358d9b62b0c5b03ff5cd3e992458d7b8f879d9fb42f2201fe05a4848a29
  languageName: node
  linkType: hard

"supports-color@npm:^6.1.0":
  version: 6.1.0
  resolution: "supports-color@npm:6.1.0"
  dependencies:
    has-flag: ^3.0.0
  checksum: 86821571295ad9f808d5e0149f13c2b0ca6faaf1325c427b369e6f4b2b1e4759046b7a4ea0e3c3c7f2546035fa2fb0d6a90f31c6c4f751eaedbcdc1b983a08cc
  languageName: node
  linkType: hard

"supports-color@npm:^7.1.0":
  version: 7.2.0
  resolution: "supports-color@npm:7.2.0"
  dependencies:
    has-flag: ^4.0.0
  checksum: 8e57067c39216f3c2ffce7cc14ca934d54746192571203aa9c9922d97d2d55cc1bdaa9e41a11f91e620670b5a74ebdec6b548a885d8cc2dea7cab59e21416029
  languageName: node
  linkType: hard

"tailwindcss@npm:^2.0.1":
  version: 2.0.1
  resolution: "tailwindcss@npm:2.0.1"
  dependencies:
    "@fullhuman/postcss-purgecss": ^3.0.0
    bytes: ^3.0.0
    chalk: ^4.1.0
    color: ^3.1.3
    detective: ^5.2.0
    didyoumean: ^1.2.1
    fs-extra: ^9.0.1
    html-tags: ^3.1.0
    lodash: ^4.17.20
    modern-normalize: ^1.0.0
    node-emoji: ^1.8.1
    object-hash: ^2.0.3
    postcss-functions: ^3
    postcss-js: ^3.0.3
    postcss-nested: ^5.0.1
    postcss-selector-parser: ^6.0.4
    postcss-value-parser: ^4.1.0
    pretty-hrtime: ^1.0.3
    reduce-css-calc: ^2.1.6
    resolve: ^1.19.0
  peerDependencies:
    autoprefixer: ^10.0.2
    postcss: ^8.0.9
  bin:
    tailwind: lib/cli.js
    tailwindcss: lib/cli.js
  checksum: cdc1e44b35cc8e05ae41f65780ce0e2f24276de1dafa26f0c08cbe9dc7683169ee8f7b71e809de29e0ee072e8596d4f47f84df2d3cb9f4d90ae656171afd4866
  languageName: node
  linkType: hard

"uniq@npm:^1.0.1":
  version: 1.0.1
  resolution: "uniq@npm:1.0.1"
  checksum: a5603a5b3128616f268e7695e47cd1eb8d583cf8ee1278434140cd83d2f3f98e5d65a22cf4187f0345ca8d8a0a9f1d07e1f06cb46312135ad4a6303fd28fc317
  languageName: node
  linkType: hard

"universalify@npm:^1.0.0":
  version: 1.0.0
  resolution: "universalify@npm:1.0.0"
  checksum: d74303a8d9ff18598804f3e9f261c9376cad55b81a92346f086e59261803ae75bef347044dd6a25549eb3b1490c0dd106dc07154cd7ccad8f037fdae947c125d
  languageName: node
  linkType: hard

"universalify@npm:^2.0.0":
  version: 2.0.0
  resolution: "universalify@npm:2.0.0"
  checksum: 36bfbdc97bd4b483596e66ea65e20663f5ab9ec3650157d99b075b7f97afcdefe46bbb23f89171dd75595d398cea3769a5b6d7130f5c66cae2a0f00904780f62
  languageName: node
  linkType: hard

"util-deprecate@npm:^1.0.2":
  version: 1.0.2
  resolution: "util-deprecate@npm:1.0.2"
  checksum: 73c2b1cf0210ccac300645384d8443cabbd93194117b2dc1b3bae8d8279ad39aedac857e020c4ea505e96a1045059c7359db3df6a9df0be6b8584166c9d61dc9
  languageName: node
  linkType: hard

"vfile-location@npm:^3.2.0":
  version: 3.2.0
  resolution: "vfile-location@npm:3.2.0"
  checksum: 4102f03560826baf456ad16ad3a83e745d62380e2f90c5ae9452a4cc093102f9355332f5f18699d660ed0cfecd526416032d6d6ea06e53c45823e23c80691ac0
  languageName: node
  linkType: hard

"wrappy@npm:1":
  version: 1.0.2
  resolution: "wrappy@npm:1.0.2"
  checksum: 519fcda0fcdf0c16327be2de9d98646742307bc830277e8868529fcf7566f2b330a6453c233e0cdcb767d5838dd61a90984a02ecc983bcddebea5ad0833bbf98
  languageName: node
  linkType: hard

"xtend@npm:^4.0.2":
  version: 4.0.2
  resolution: "xtend@npm:4.0.2"
  checksum: 37ee522a3e9fb9b143a400c30b21dc122aa8c9c9411c6afae1005a4617dc20a21765c114d544e37a6bb60c2733dd8ee0a44ed9e80d884ac78cccd30b5e0ab0da
  languageName: node
  linkType: hard
